
Microsoft Visual Studio Solution File, Format Version 12.00
# Visual Studio Version 17
VisualStudioVersion = 17.7.34221.43
MinimumVisualStudioVersion = 10.0.40219.1
Project("{FAE04EC0-301F-11D3-BF4B-00C04F79EFBC}") = "Chapter2_PP_JEONG", "Chapter2_PP_JEONG\Chapter2_PP_JEONG.csproj", "{5706977B-3CBA-47D3-A927-C9980A149FFB}"
EndProject
Global
	GlobalSection(SolutionConfigurationPlatforms) = preSolution
		Debug|Any CPU = Debug|Any CPU
		Release|Any CPU = Release|Any CPU
	EndGlobalSection
	GlobalSection(ProjectConfigurationPlatforms) = postSolution
		{5706977B-3CBA-47D3-A927-C9980A149FFB}.Debug|Any CPU.ActiveCfg = Debug|Any CPU
		{5706977B-3CBA-47D3-A927-C9980A149FFB}.Debug|Any CPU.Build.0 = Debug|Any CPU
		{5706977B-3CBA-47D3-A927-C9980A149FFB}.Release|Any CPU.ActiveCfg = Release|Any CPU
		{5706977B-3CBA-47D3-A927-C9980A149FFB}.Release|Any CPU.Build.0 = Release|Any CPU
	EndGlobalSection
	GlobalSection(SolutionProperties) = preSolution
		HideSolutionNode = FALSE
	EndGlobalSection
	GlobalSection(ExtensibilityGlobals) = postSolution
		SolutionGuid = {B235736E-46DE-4A5A-BAF3-66C26ABDE537}
	EndGlobalSection
EndGlobal
